
Microsoft Visual Studio Solution File, Format Version 12.00
# Visual Studio Version 17
VisualStudioVersion = 17.2.32616.157
MinimumVisualStudioVersion = 10.0.40219.1
Project("{FAE04EC0-301F-11D3-BF4B-00C04F79EFBC}") = "LexiconUniversity.Web", "LexiconUniversity.Web\LexiconUniversity.Web.csproj", "{8626F97A-D4CE-4E6C-B737-55EB59D44A12}"
EndProject
Project("{FAE04EC0-301F-11D3-BF4B-00C04F79EFBC}") = "LexiconUniversity.Core", "LexiconUniversity.Core\LexiconUniversity.Core.csproj", "{7CFCD45F-7E22-4EBE-9DA6-FDD267D7EDD8}"
EndProject
Project("{FAE04EC0-301F-11D3-BF4B-00C04F79EFBC}") = "LexiconUniversity.Data", "LexiconUniversity.Data\LexiconUniversity.Data.csproj", "{F280A78F-8EE8-4254-8D30-0EE118B5B1E7}"
EndProject
Global
	GlobalSection(SolutionConfigurationPlatforms) = preSolution
		Debug|Any CPU = Debug|Any CPU
		Release|Any CPU = Release|Any CPU
	EndGlobalSection
	GlobalSection(ProjectConfigurationPlatforms) = postSolution
		{8626F97A-D4CE-4E6C-B737-55EB59D44A12}.Debug|Any CPU.ActiveCfg = Debug|Any CPU
		{8626F97A-D4CE-4E6C-B737-55EB59D44A12}.Debug|Any CPU.Build.0 = Debug|Any CPU
		{8626F97A-D4CE-4E6C-B737-55EB59D44A12}.Release|Any CPU.ActiveCfg = Release|Any CPU
		{8626F97A-D4CE-4E6C-B737-55EB59D44A12}.Release|Any CPU.Build.0 = Release|Any CPU
		{7CFCD45F-7E22-4EBE-9DA6-FDD267D7EDD8}.Debug|Any CPU.ActiveCfg = Debug|Any CPU
		{7CFCD45F-7E22-4EBE-9DA6-FDD267D7EDD8}.Debug|Any CPU.Build.0 = Debug|Any CPU
		{7CFCD45F-7E22-4EBE-9DA6-FDD267D7EDD8}.Release|Any CPU.ActiveCfg = Release|Any CPU
		{7CFCD45F-7E22-4EBE-9DA6-FDD267D7EDD8}.Release|Any CPU.Build.0 = Release|Any CPU
		{F280A78F-8EE8-4254-8D30-0EE118B5B1E7}.Debug|Any CPU.ActiveCfg = Debug|Any CPU
		{F280A78F-8EE8-4254-8D30-0EE118B5B1E7}.Debug|Any CPU.Build.0 = Debug|Any CPU
		{F280A78F-8EE8-4254-8D30-0EE118B5B1E7}.Release|Any CPU.ActiveCfg = Release|Any CPU
		{F280A78F-8EE8-4254-8D30-0EE118B5B1E7}.Release|Any CPU.Build.0 = Release|Any CPU
	EndGlobalSection
	GlobalSection(SolutionProperties) = preSolution
		HideSolutionNode = FALSE
	EndGlobalSection
	GlobalSection(ExtensibilityGlobals) = postSolution
		SolutionGuid = {DD0AA056-0A02-45A8-9F14-8300CF5661C4}
	EndGlobalSection
EndGlobal
